// !$*UTF8*$!
{
	archiveVersion = 1;
	classes = {
	};
	objectVersion = 54;
	objects = {

/* Begin PBXBuildFile section */
		00E356F31AD99517003FC87E /* SocialMediaAppTests.m in Sources */ = {isa = PBXBuildFile; fileRef = 00E356F21AD99517003FC87E /* SocialMediaAppTests.m */; };
		0C80B921A6F3F58F76C31292 /* libPods-SocialMediaApp.a in Frameworks */ = {isa = PBXBuildFile; fileRef = 5DCACB8F33CDC322A6C60F78 /* libPods-SocialMediaApp.a */; };
		13B07FBC1A68108700A75B9A /* AppDelegate.mm in Sources */ = {isa = PBXBuildFile; fileRef = 13B07FB01A68108700A75B9A /* AppDelegate.mm */; };
		13B07FBF1A68108700A75B9A /* Images.xcassets in Resources */ = {isa = PBXBuildFile; fileRef = 13B07FB51A68108700A75B9A /* Images.xcassets */; };
		13B07FC11A68108700A75B9A /* main.m in Sources */ = {isa = PBXBuildFile; fileRef = 13B07FB71A68108700A75B9A /* main.m */; };
		7699B88040F8A987B510C191 /* libPods-SocialMediaApp-SocialMediaAppTests.a in Frameworks */ = {isa = PBXBuildFile; fileRef = 19F6CBCC0A4E27FBF8BF4A61 /* libPods-SocialMediaApp-SocialMediaAppTests.a */; };
		81AB9BB82411601600AC10FF /* LaunchScreen.storyboard in Resources */ = {isa = PBXBuildFile; fileRef = 81AB9BB72411601600AC10FF /* LaunchScreen.storyboard */; };
		35B227EBB6E0459DB8C9F7D2 /* Inter_18pt-Black.ttf in Resources */ = {isa = PBXBuildFile; fileRef = AADDAE579D6A4380A3701B81 /* Inter_18pt-Black.ttf */; };
		55553D4A26434688A21FFA46 /* Inter_18pt-BlackItalic.ttf in Resources */ = {isa = PBXBuildFile; fileRef = F5757D9DC38F4D81A84C2C44 /* Inter_18pt-BlackItalic.ttf */; };
		601438DFA3804C5F8F7246EA /* Inter_18pt-Bold.ttf in Resources */ = {isa = PBXBuildFile; fileRef = A3C759DD0645454E897FDCA1 /* Inter_18pt-Bold.ttf */; };
		7D9931A2CFD44672A4700C04 /* Inter_18pt-BoldItalic.ttf in Resources */ = {isa = PBXBuildFile; fileRef = FE12AE106CFF4A84994DC13F /* Inter_18pt-BoldItalic.ttf */; };
		80F81D655ADF4D33A25B7825 /* Inter_18pt-ExtraBold.ttf in Resources */ = {isa = PBXBuildFile; fileRef = F495F6FADAB944208F979CAB /* Inter_18pt-ExtraBold.ttf */; };
		B5FA3C92EF074CDB80C3C13A /* Inter_18pt-ExtraBoldItalic.ttf in Resources */ = {isa = PBXBuildFile; fileRef = B617E6FCF7934A9AB9F0E303 /* Inter_18pt-ExtraBoldItalic.ttf */; };
		CD65CCB8D05345D9A7079C12 /* Inter_18pt-ExtraLight.ttf in Resources */ = {isa = PBXBuildFile; fileRef = 426BF70B480142FB9C0F9F1D /* Inter_18pt-ExtraLight.ttf */; };
		ADD7A1DA41BE43D99F54E7A0 /* Inter_18pt-ExtraLightItalic.ttf in Resources */ = {isa = PBXBuildFile; fileRef = 0ED88288BB0440EAAFD92F40 /* Inter_18pt-ExtraLightItalic.ttf */; };
		49663E0190284151BFE059C7 /* Inter_18pt-Italic.ttf in Resources */ = {isa = PBXBuildFile; fileRef = 6B94901AA24B403EA0587A01 /* Inter_18pt-Italic.ttf */; };
		CCCA4485EEEA4FCDA9F52E79 /* Inter_18pt-Light.ttf in Resources */ = {isa = PBXBuildFile; fileRef = C9C5C01A05014627A69C4710 /* Inter_18pt-Light.ttf */; };
		9AF5BB6466C24D848DB93EE7 /* Inter_18pt-LightItalic.ttf in Resources */ = {isa = PBXBuildFile; fileRef = 6E49F214B0B74122A3005C51 /* Inter_18pt-LightItalic.ttf */; };
		641DBE36707C4FAE96D502DD /* Inter_18pt-Medium.ttf in Resources */ = {isa = PBXBuildFile; fileRef = 8C776206A18A40F5A6618C4C /* Inter_18pt-Medium.ttf */; };
		DC36F9EC40C14DBBAEB1AE41 /* Inter_18pt-MediumItalic.ttf in Resources */ = {isa = PBXBuildFile; fileRef = 58AFA7644E5342869FB0B202 /* Inter_18pt-MediumItalic.ttf */; };
		7EC78FFCBC214AA8B72463C2 /* Inter_18pt-Regular.ttf in Resources */ = {isa = PBXBuildFile; fileRef = 2049BA563C334A3EB7881C41 /* Inter_18pt-Regular.ttf */; };
		E581FB888BDE445D9E01B839 /* Inter_18pt-SemiBold.ttf in Resources */ = {isa = PBXBuildFile; fileRef = C1110BE23E3E4C71A05B14BA /* Inter_18pt-SemiBold.ttf */; };
		96F2A59635264805BB1570BE /* Inter_18pt-SemiBoldItalic.ttf in Resources */ = {isa = PBXBuildFile; fileRef = 95DE6065C21949F2A920E146 /* Inter_18pt-SemiBoldItalic.ttf */; };
		1C2E5D29D7DA4202A3DA0BBF /* Inter_18pt-Thin.ttf in Resources */ = {isa = PBXBuildFile; fileRef = 4C7322C4E7E84A20BE6D6C76 /* Inter_18pt-Thin.ttf */; };
		7169170C65B043899D2DBA9F /* Inter_18pt-ThinItalic.ttf in Resources */ = {isa = PBXBuildFile; fileRef = 7E36981464DD47E2875D7FF6 /* Inter_18pt-ThinItalic.ttf */; };
		20EE7E62BB2E4B60891C20C2 /* Inter_24pt-Black.ttf in Resources */ = {isa = PBXBuildFile; fileRef = 4863D9C8C61B4E4792DB2A17 /* Inter_24pt-Black.ttf */; };
		1C28EF4187E14B21AC60FFB2 /* Inter_24pt-BlackItalic.ttf in Resources */ = {isa = PBXBuildFile; fileRef = C8C9CB3F0098461C8A5F8CDC /* Inter_24pt-BlackItalic.ttf */; };
		176A33F13F4A4098B5C1E7BA /* Inter_24pt-Bold.ttf in Resources */ = {isa = PBXBuildFile; fileRef = 37333FD0F82C4AECAE57EB3F /* Inter_24pt-Bold.ttf */; };
		B66843E022B94674A5B7FA3E /* Inter_24pt-BoldItalic.ttf in Resources */ = {isa = PBXBuildFile; fileRef = C11DF78A4CDE42CDB74706A9 /* Inter_24pt-BoldItalic.ttf */; };
		77116EB0A6884E9F882B8820 /* Inter_24pt-ExtraBold.ttf in Resources */ = {isa = PBXBuildFile; fileRef = 2C12C995D0B24C4CB6AC35CF /* Inter_24pt-ExtraBold.ttf */; };
		29079D46229E482598BB2AA4 /* Inter_24pt-ExtraBoldItalic.ttf in Resources */ = {isa = PBXBuildFile; fileRef = 45DE854904814EC1933874F3 /* Inter_24pt-ExtraBoldItalic.ttf */; };
		9058933A51F44C9BA237C16B /* Inter_24pt-ExtraLight.ttf in Resources */ = {isa = PBXBuildFile; fileRef = 7D9387D232B44BFAAF912B7D /* Inter_24pt-ExtraLight.ttf */; };
		A5963B89ACDA42398BFFCD1D /* Inter_24pt-ExtraLightItalic.ttf in Resources */ = {isa = PBXBuildFile; fileRef = 2C1D7A4FDDE048BCB197004E /* Inter_24pt-ExtraLightItalic.ttf */; };
		F3CEC288BEE849DE991A6A90 /* Inter_24pt-Italic.ttf in Resources */ = {isa = PBXBuildFile; fileRef = 97E2A87B924F436994DE7ED3 /* Inter_24pt-Italic.ttf */; };
		AB7C93431AA74C119B0FDE0B /* Inter_24pt-Light.ttf in Resources */ = {isa = PBXBuildFile; fileRef = 435CB5ADA557486D84BB72E1 /* Inter_24pt-Light.ttf */; };
		87812B82B7DA458ABA6B7F0E /* Inter_24pt-LightItalic.ttf in Resources */ = {isa = PBXBuildFile; fileRef = 36F1DACD1F0D44BA8DA1A00B /* Inter_24pt-LightItalic.ttf */; };
		C0272C5AA46549418A4447B5 /* Inter_24pt-Medium.ttf in Resources */ = {isa = PBXBuildFile; fileRef = B10697A272414C3E894ED000 /* Inter_24pt-Medium.ttf */; };
		C5FA1716C768404BB62DED78 /* Inter_24pt-MediumItalic.ttf in Resources */ = {isa = PBXBuildFile; fileRef = B395F64D8DE24A789147D819 /* Inter_24pt-MediumItalic.ttf */; };
		2D92B979CE084EA69153B65B /* Inter_24pt-Regular.ttf in Resources */ = {isa = PBXBuildFile; fileRef = BF3F5CCC5F5A4524A1B7EB2F /* Inter_24pt-Regular.ttf */; };
		3E137A0B2B7E4838B8A38E80 /* Inter_24pt-SemiBold.ttf in Resources */ = {isa = PBXBuildFile; fileRef = C5E4C1DB1B4740EA9F2872A2 /* Inter_24pt-SemiBold.ttf */; };
		1263E56A2D824FB19B7CD140 /* Inter_24pt-SemiBoldItalic.ttf in Resources */ = {isa = PBXBuildFile; fileRef = 8C1F588291684222B41851C1 /* Inter_24pt-SemiBoldItalic.ttf */; };
		A09CF9344EE8417286C2AE74 /* Inter_24pt-Thin.ttf in Resources */ = {isa = PBXBuildFile; fileRef = 564FDEFB2A1F46C39B5A74C8 /* Inter_24pt-Thin.ttf */; };
		AD00722C128D4106AB76409B /* Inter_24pt-ThinItalic.ttf in Resources */ = {isa = PBXBuildFile; fileRef = 0312458EA75447B4A8728A1B /* Inter_24pt-ThinItalic.ttf */; };
		2AAB40F9B036415E96144160 /* Inter_28pt-Black.ttf in Resources */ = {isa = PBXBuildFile; fileRef = D3C1FBB081C642059A62E757 /* Inter_28pt-Black.ttf */; };
		C4E537BFEA2C4CBF8F1924B5 /* Inter_28pt-BlackItalic.ttf in Resources */ = {isa = PBXBuildFile; fileRef = 0D4916A3966140B7A2B89034 /* Inter_28pt-BlackItalic.ttf */; };
		C62E9B966BC7420C97C09715 /* Inter_28pt-Bold.ttf in Resources */ = {isa = PBXBuildFile; fileRef = 8AF66507B0174A13AD218C9A /* Inter_28pt-Bold.ttf */; };
		3575E5D5B45D427994A0886C /* Inter_28pt-BoldItalic.ttf in Resources */ = {isa = PBXBuildFile; fileRef = 0E0AAF0F02984CD1899788B9 /* Inter_28pt-BoldItalic.ttf */; };
		FACA8324F4CD445F899BFA41 /* Inter_28pt-ExtraBold.ttf in Resources */ = {isa = PBXBuildFile; fileRef = 184582DD07154A0089E4ACE2 /* Inter_28pt-ExtraBold.ttf */; };
		BA61B6F520264FE6BFFF19C0 /* Inter_28pt-ExtraBoldItalic.ttf in Resources */ = {isa = PBXBuildFile; fileRef = E31B8A287A4E4C278E0C443F /* Inter_28pt-ExtraBoldItalic.ttf */; };
		A8278FEAD07347B9885CD29B /* Inter_28pt-ExtraLight.ttf in Resources */ = {isa = PBXBuildFile; fileRef = 3E61D88E060647EA8000F502 /* Inter_28pt-ExtraLight.ttf */; };
		35F6E02EC5D243E6A0763DEC /* Inter_28pt-ExtraLightItalic.ttf in Resources */ = {isa = PBXBuildFile; fileRef = DCFF49F9FC1D48D0B048B52F /* Inter_28pt-ExtraLightItalic.ttf */; };
		142C33DC77854C53AB234746 /* Inter_28pt-Italic.ttf in Resources */ = {isa = PBXBuildFile; fileRef = 7C1B818DB06E434997FE3F4B /* Inter_28pt-Italic.ttf */; };
		96CB5D40AFA046ADA9E9CBA7 /* Inter_28pt-Light.ttf in Resources */ = {isa = PBXBuildFile; fileRef = 70FFE315B9854DF2A895A3C0 /* Inter_28pt-Light.ttf */; };
		B5B1FC9A08F447D39C6645E0 /* Inter_28pt-LightItalic.ttf in Resources */ = {isa = PBXBuildFile; fileRef = 4B51564A27F64E97960F8499 /* Inter_28pt-LightItalic.ttf */; };
		EB0DC3882992450192C090FA /* Inter_28pt-Medium.ttf in Resources */ = {isa = PBXBuildFile; fileRef = B221AA1BFEB4488887771B62 /* Inter_28pt-Medium.ttf */; };
		8404ABC4676B4BCCB8D43185 /* Inter_28pt-MediumItalic.ttf in Resources */ = {isa = PBXBuildFile; fileRef = 68C4D55800574894A8F13718 /* Inter_28pt-MediumItalic.ttf */; };
		46662C2CCA174AA2A9320510 /* Inter_28pt-Regular.ttf in Resources */ = {isa = PBXBuildFile; fileRef = 87DE2279AB8C47C384C2FFB0 /* Inter_28pt-Regular.ttf */; };
		85A25F03EEAF4F89A91A2B91 /* Inter_28pt-SemiBold.ttf in Resources */ = {isa = PBXBuildFile; fileRef = 72A24184591C478A85CAB2CF /* Inter_28pt-SemiBold.ttf */; };
		1848A36831B44BDA9E0C2A23 /* Inter_28pt-SemiBoldItalic.ttf in Resources */ = {isa = PBXBuildFile; fileRef = F0DA64F9DDDE42AC997D03D7 /* Inter_28pt-SemiBoldItalic.ttf */; };
		E54D7DB5C964478089A0AA20 /* Inter_28pt-Thin.ttf in Resources */ = {isa = PBXBuildFile; fileRef = E1B858E6720244159E830CEA /* Inter_28pt-Thin.ttf */; };
		9E2F268C68B84787A0660BF6 /* Inter_28pt-ThinItalic.ttf in Resources */ = {isa = PBXBuildFile; fileRef = 63996BA7B93144DBB2E1BB8B /* Inter_28pt-ThinItalic.ttf */; };
/* End PBXBuildFile section */

/* Begin PBXContainerItemProxy section */
		00E356F41AD99517003FC87E /* PBXContainerItemProxy */ = {
			isa = PBXContainerItemProxy;
			containerPortal = 83CBB9F71A601CBA00E9B192 /* Project object */;
			proxyType = 1;
			remoteGlobalIDString = 13B07F861A680F5B00A75B9A;
			remoteInfo = SocialMediaApp;
		};
/* End PBXContainerItemProxy section */

/* Begin PBXFileReference section */
		00E356EE1AD99517003FC87E /* SocialMediaAppTests.xctest */ = {isa = PBXFileReference; explicitFileType = wrapper.cfbundle; includeInIndex = 0; path = SocialMediaAppTests.xctest; sourceTree = BUILT_PRODUCTS_DIR; };
		00E356F11AD99517003FC87E /* Info.plist */ = {isa = PBXFileReference; lastKnownFileType = text.plist.xml; path = Info.plist; sourceTree = "<group>"; };
		00E356F21AD99517003FC87E /* SocialMediaAppTests.m */ = {isa = PBXFileReference; lastKnownFileType = sourcecode.c.objc; path = SocialMediaAppTests.m; sourceTree = "<group>"; };
		13B07F961A680F5B00A75B9A /* SocialMediaApp.app */ = {isa = PBXFileReference; explicitFileType = wrapper.application; includeInIndex = 0; path = SocialMediaApp.app; sourceTree = BUILT_PRODUCTS_DIR; };
		13B07FAF1A68108700A75B9A /* AppDelegate.h */ = {isa = PBXFileReference; fileEncoding = 4; lastKnownFileType = sourcecode.c.h; name = AppDelegate.h; path = SocialMediaApp/AppDelegate.h; sourceTree = "<group>"; };
		13B07FB01A68108700A75B9A /* AppDelegate.mm */ = {isa = PBXFileReference; fileEncoding = 4; lastKnownFileType = sourcecode.cpp.objcpp; name = AppDelegate.mm; path = SocialMediaApp/AppDelegate.mm; sourceTree = "<group>"; };
		13B07FB51A68108700A75B9A /* Images.xcassets */ = {isa = PBXFileReference; lastKnownFileType = folder.assetcatalog; name = Images.xcassets; path = SocialMediaApp/Images.xcassets; sourceTree = "<group>"; };
		13B07FB61A68108700A75B9A /* Info.plist */ = {isa = PBXFileReference; fileEncoding = 4; lastKnownFileType = text.plist.xml; name = Info.plist; path = SocialMediaApp/Info.plist; sourceTree = "<group>"; };
		13B07FB71A68108700A75B9A /* main.m */ = {isa = PBXFileReference; fileEncoding = 4; lastKnownFileType = sourcecode.c.objc; name = main.m; path = SocialMediaApp/main.m; sourceTree = "<group>"; };
		13B07FB81A68108700A75B9A /* PrivacyInfo.xcprivacy */ = {isa = PBXFileReference; fileEncoding = 4; lastKnownFileType = text.plist.xml; name = PrivacyInfo.xcprivacy; path = SocialMediaApp/PrivacyInfo.xcprivacy; sourceTree = "<group>"; };
		19F6CBCC0A4E27FBF8BF4A61 /* libPods-SocialMediaApp-SocialMediaAppTests.a */ = {isa = PBXFileReference; explicitFileType = archive.ar; includeInIndex = 0; path = "libPods-SocialMediaApp-SocialMediaAppTests.a"; sourceTree = BUILT_PRODUCTS_DIR; };
		3B4392A12AC88292D35C810B /* Pods-SocialMediaApp.debug.xcconfig */ = {isa = PBXFileReference; includeInIndex = 1; lastKnownFileType = text.xcconfig; name = "Pods-SocialMediaApp.debug.xcconfig"; path = "Target Support Files/Pods-SocialMediaApp/Pods-SocialMediaApp.debug.xcconfig"; sourceTree = "<group>"; };
		5709B34CF0A7D63546082F79 /* Pods-SocialMediaApp.release.xcconfig */ = {isa = PBXFileReference; includeInIndex = 1; lastKnownFileType = text.xcconfig; name = "Pods-SocialMediaApp.release.xcconfig"; path = "Target Support Files/Pods-SocialMediaApp/Pods-SocialMediaApp.release.xcconfig"; sourceTree = "<group>"; };
		5B7EB9410499542E8C5724F5 /* Pods-SocialMediaApp-SocialMediaAppTests.debug.xcconfig */ = {isa = PBXFileReference; includeInIndex = 1; lastKnownFileType = text.xcconfig; name = "Pods-SocialMediaApp-SocialMediaAppTests.debug.xcconfig"; path = "Target Support Files/Pods-SocialMediaApp-SocialMediaAppTests/Pods-SocialMediaApp-SocialMediaAppTests.debug.xcconfig"; sourceTree = "<group>"; };
		5DCACB8F33CDC322A6C60F78 /* libPods-SocialMediaApp.a */ = {isa = PBXFileReference; explicitFileType = archive.ar; includeInIndex = 0; path = "libPods-SocialMediaApp.a"; sourceTree = BUILT_PRODUCTS_DIR; };
		81AB9BB72411601600AC10FF /* LaunchScreen.storyboard */ = {isa = PBXFileReference; fileEncoding = 4; lastKnownFileType = file.storyboard; name = LaunchScreen.storyboard; path = SocialMediaApp/LaunchScreen.storyboard; sourceTree = "<group>"; };
		89C6BE57DB24E9ADA2F236DE /* Pods-SocialMediaApp-SocialMediaAppTests.release.xcconfig */ = {isa = PBXFileReference; includeInIndex = 1; lastKnownFileType = text.xcconfig; name = "Pods-SocialMediaApp-SocialMediaAppTests.release.xcconfig"; path = "Target Support Files/Pods-SocialMediaApp-SocialMediaAppTests/Pods-SocialMediaApp-SocialMediaAppTests.release.xcconfig"; sourceTree = "<group>"; };
		ED297162215061F000B7C4FE /* JavaScriptCore.framework */ = {isa = PBXFileReference; lastKnownFileType = wrapper.framework; name = JavaScriptCore.framework; path = System/Library/Frameworks/JavaScriptCore.framework; sourceTree = SDKROOT; };
		AADDAE579D6A4380A3701B81 /* Inter_18pt-Black.ttf */ = {isa = PBXFileReference; name = "Inter_18pt-Black.ttf"; path = "../assets/fonts/Inter_18pt-Black.ttf"; sourceTree = "<group>"; fileEncoding = undefined; lastKnownFileType = unknown; explicitFileType = undefined; includeInIndex = 0; };
		F5757D9DC38F4D81A84C2C44 /* Inter_18pt-BlackItalic.ttf */ = {isa = PBXFileReference; name = "Inter_18pt-BlackItalic.ttf"; path = "../assets/fonts/Inter_18pt-BlackItalic.ttf"; sourceTree = "<group>"; fileEncoding = undefined; lastKnownFileType = unknown; explicitFileType = undefined; includeInIndex = 0; };
		A3C759DD0645454E897FDCA1 /* Inter_18pt-Bold.ttf */ = {isa = PBXFileReference; name = "Inter_18pt-Bold.ttf"; path = "../assets/fonts/Inter_18pt-Bold.ttf"; sourceTree = "<group>"; fileEncoding = undefined; lastKnownFileType = unknown; explicitFileType = undefined; includeInIndex = 0; };
		FE12AE106CFF4A84994DC13F /* Inter_18pt-BoldItalic.ttf */ = {isa = PBXFileReference; name = "Inter_18pt-BoldItalic.ttf"; path = "../assets/fonts/Inter_18pt-BoldItalic.ttf"; sourceTree = "<group>"; fileEncoding = undefined; lastKnownFileType = unknown; explicitFileType = undefined; includeInIndex = 0; };
		F495F6FADAB944208F979CAB /* Inter_18pt-ExtraBold.ttf */ = {isa = PBXFileReference; name = "Inter_18pt-ExtraBold.ttf"; path = "../assets/fonts/Inter_18pt-ExtraBold.ttf"; sourceTree = "<group>"; fileEncoding = undefined; lastKnownFileType = unknown; explicitFileType = undefined; includeInIndex = 0; };
		B617E6FCF7934A9AB9F0E303 /* Inter_18pt-ExtraBoldItalic.ttf */ = {isa = PBXFileReference; name = "Inter_18pt-ExtraBoldItalic.ttf"; path = "../assets/fonts/Inter_18pt-ExtraBoldItalic.ttf"; sourceTree = "<group>"; fileEncoding = undefined; lastKnownFileType = unknown; explicitFileType = undefined; includeInIndex = 0; };
		426BF70B480142FB9C0F9F1D /* Inter_18pt-ExtraLight.ttf */ = {isa = PBXFileReference; name = "Inter_18pt-ExtraLight.ttf"; path = "../assets/fonts/Inter_18pt-ExtraLight.ttf"; sourceTree = "<group>"; fileEncoding = undefined; lastKnownFileType = unknown; explicitFileType = undefined; includeInIndex = 0; };
		0ED88288BB0440EAAFD92F40 /* Inter_18pt-ExtraLightItalic.ttf */ = {isa = PBXFileReference; name = "Inter_18pt-ExtraLightItalic.ttf"; path = "../assets/fonts/Inter_18pt-ExtraLightItalic.ttf"; sourceTree = "<group>"; fileEncoding = undefined; lastKnownFileType = unknown; explicitFileType = undefined; includeInIndex = 0; };
		6B94901AA24B403EA0587A01 /* Inter_18pt-Italic.ttf */ = {isa = PBXFileReference; name = "Inter_18pt-Italic.ttf"; path = "../assets/fonts/Inter_18pt-Italic.ttf"; sourceTree = "<group>"; fileEncoding = undefined; lastKnownFileType = unknown; explicitFileType = undefined; includeInIndex = 0; };
		C9C5C01A05014627A69C4710 /* Inter_18pt-Light.ttf */ = {isa = PBXFileReference; name = "Inter_18pt-Light.ttf"; path = "../assets/fonts/Inter_18pt-Light.ttf"; sourceTree = "<group>"; fileEncoding = undefined; lastKnownFileType = unknown; explicitFileType = undefined; includeInIndex = 0; };
		6E49F214B0B74122A3005C51 /* Inter_18pt-LightItalic.ttf */ = {isa = PBXFileReference; name = "Inter_18pt-LightItalic.ttf"; path = "../assets/fonts/Inter_18pt-LightItalic.ttf"; sourceTree = "<group>"; fileEncoding = undefined; lastKnownFileType = unknown; explicitFileType = undefined; includeInIndex = 0; };
		8C776206A18A40F5A6618C4C /* Inter_18pt-Medium.ttf */ = {isa = PBXFileReference; name = "Inter_18pt-Medium.ttf"; path = "../assets/fonts/Inter_18pt-Medium.ttf"; sourceTree = "<group>"; fileEncoding = undefined; lastKnownFileType = unknown; explicitFileType = undefined; includeInIndex = 0; };
		58AFA7644E5342869FB0B202 /* Inter_18pt-MediumItalic.ttf */ = {isa = PBXFileReference; name = "Inter_18pt-MediumItalic.ttf"; path = "../assets/fonts/Inter_18pt-MediumItalic.ttf"; sourceTree = "<group>"; fileEncoding = undefined; lastKnownFileType = unknown; explicitFileType = undefined; includeInIndex = 0; };
		2049BA563C334A3EB7881C41 /* Inter_18pt-Regular.ttf */ = {isa = PBXFileReference; name = "Inter_18pt-Regular.ttf"; path = "../assets/fonts/Inter_18pt-Regular.ttf"; sourceTree = "<group>"; fileEncoding = undefined; lastKnownFileType = unknown; explicitFileType = undefined; includeInIndex = 0; };
		C1110BE23E3E4C71A05B14BA /* Inter_18pt-SemiBold.ttf */ = {isa = PBXFileReference; name = "Inter_18pt-SemiBold.ttf"; path = "../assets/fonts/Inter_18pt-SemiBold.ttf"; sourceTree = "<group>"; fileEncoding = undefined; lastKnownFileType = unknown; explicitFileType = undefined; includeInIndex = 0; };
		95DE6065C21949F2A920E146 /* Inter_18pt-SemiBoldItalic.ttf */ = {isa = PBXFileReference; name = "Inter_18pt-SemiBoldItalic.ttf"; path = "../assets/fonts/Inter_18pt-SemiBoldItalic.ttf"; sourceTree = "<group>"; fileEncoding = undefined; lastKnownFileType = unknown; explicitFileType = undefined; includeInIndex = 0; };
		4C7322C4E7E84A20BE6D6C76 /* Inter_18pt-Thin.ttf */ = {isa = PBXFileReference; name = "Inter_18pt-Thin.ttf"; path = "../assets/fonts/Inter_18pt-Thin.ttf"; sourceTree = "<group>"; fileEncoding = undefined; lastKnownFileType = unknown; explicitFileType = undefined; includeInIndex = 0; };
		7E36981464DD47E2875D7FF6 /* Inter_18pt-ThinItalic.ttf */ = {isa = PBXFileReference; name = "Inter_18pt-ThinItalic.ttf"; path = "../assets/fonts/Inter_18pt-ThinItalic.ttf"; sourceTree = "<group>"; fileEncoding = undefined; lastKnownFileType = unknown; explicitFileType = undefined; includeInIndex = 0; };
		4863D9C8C61B4E4792DB2A17 /* Inter_24pt-Black.ttf */ = {isa = PBXFileReference; name = "Inter_24pt-Black.ttf"; path = "../assets/fonts/Inter_24pt-Black.ttf"; sourceTree = "<group>"; fileEncoding = undefined; lastKnownFileType = unknown; explicitFileType = undefined; includeInIndex = 0; };
		C8C9CB3F0098461C8A5F8CDC /* Inter_24pt-BlackItalic.ttf */ = {isa = PBXFileReference; name = "Inter_24pt-BlackItalic.ttf"; path = "../assets/fonts/Inter_24pt-BlackItalic.ttf"; sourceTree = "<group>"; fileEncoding = undefined; lastKnownFileType = unknown; explicitFileType = undefined; includeInIndex = 0; };
		37333FD0F82C4AECAE57EB3F /* Inter_24pt-Bold.ttf */ = {isa = PBXFileReference; name = "Inter_24pt-Bold.ttf"; path = "../assets/fonts/Inter_24pt-Bold.ttf"; sourceTree = "<group>"; fileEncoding = undefined; lastKnownFileType = unknown; explicitFileType = undefined; includeInIndex = 0; };
		C11DF78A4CDE42CDB74706A9 /* Inter_24pt-BoldItalic.ttf */ = {isa = PBXFileReference; name = "Inter_24pt-BoldItalic.ttf"; path = "../assets/fonts/Inter_24pt-BoldItalic.ttf"; sourceTree = "<group>"; fileEncoding = undefined; lastKnownFileType = unknown; explicitFileType = undefined; includeInIndex = 0; };
		2C12C995D0B24C4CB6AC35CF /* Inter_24pt-ExtraBold.ttf */ = {isa = PBXFileReference; name = "Inter_24pt-ExtraBold.ttf"; path = "../assets/fonts/Inter_24pt-ExtraBold.ttf"; sourceTree = "<group>"; fileEncoding = undefined; lastKnownFileType = unknown; explicitFileType = undefined; includeInIndex = 0; };
		45DE854904814EC1933874F3 /* Inter_24pt-ExtraBoldItalic.ttf */ = {isa = PBXFileReference; name = "Inter_24pt-ExtraBoldItalic.ttf"; path = "../assets/fonts/Inter_24pt-ExtraBoldItalic.ttf"; sourceTree = "<group>"; fileEncoding = undefined; lastKnownFileType = unknown; explicitFileType = undefined; includeInIndex = 0; };
		7D9387D232B44BFAAF912B7D /* Inter_24pt-ExtraLight.ttf */ = {isa = PBXFileReference; name = "Inter_24pt-ExtraLight.ttf"; path = "../assets/fonts/Inter_24pt-ExtraLight.ttf"; sourceTree = "<group>"; fileEncoding = undefined; lastKnownFileType = unknown; explicitFileType = undefined; includeInIndex = 0; };
		2C1D7A4FDDE048BCB197004E /* Inter_24pt-ExtraLightItalic.ttf */ = {isa = PBXFileReference; name = "Inter_24pt-ExtraLightItalic.ttf"; path = "../assets/fonts/Inter_24pt-ExtraLightItalic.ttf"; sourceTree = "<group>"; fileEncoding = undefined; lastKnownFileType = unknown; explicitFileType = undefined; includeInIndex = 0; };
		97E2A87B924F436994DE7ED3 /* Inter_24pt-Italic.ttf */ = {isa = PBXFileReference; name = "Inter_24pt-Italic.ttf"; path = "../assets/fonts/Inter_24pt-Italic.ttf"; sourceTree = "<group>"; fileEncoding = undefined; lastKnownFileType = unknown; explicitFileType = undefined; includeInIndex = 0; };
		435CB5ADA557486D84BB72E1 /* Inter_24pt-Light.ttf */ = {isa = PBXFileReference; name = "Inter_24pt-Light.ttf"; path = "../assets/fonts/Inter_24pt-Light.ttf"; sourceTree = "<group>"; fileEncoding = undefined; lastKnownFileType = unknown; explicitFileType = undefined; includeInIndex = 0; };
		36F1DACD1F0D44BA8DA1A00B /* Inter_24pt-LightItalic.ttf */ = {isa = PBXFileReference; name = "Inter_24pt-LightItalic.ttf"; path = "../assets/fonts/Inter_24pt-LightItalic.ttf"; sourceTree = "<group>"; fileEncoding = undefined; lastKnownFileType = unknown; explicitFileType = undefined; includeInIndex = 0; };
		B10697A272414C3E894ED000 /* Inter_24pt-Medium.ttf */ = {isa = PBXFileReference; name = "Inter_24pt-Medium.ttf"; path = "../assets/fonts/Inter_24pt-Medium.ttf"; sourceTree = "<group>"; fileEncoding = undefined; lastKnownFileType = unknown; explicitFileType = undefined; includeInIndex = 0; };
		B395F64D8DE24A789147D819 /* Inter_24pt-MediumItalic.ttf */ = {isa = PBXFileReference; name = "Inter_24pt-MediumItalic.ttf"; path = "../assets/fonts/Inter_24pt-MediumItalic.ttf"; sourceTree = "<group>"; fileEncoding = undefined; lastKnownFileType = unknown; explicitFileType = undefined; includeInIndex = 0; };
		BF3F5CCC5F5A4524A1B7EB2F /* Inter_24pt-Regular.ttf */ = {isa = PBXFileReference; name = "Inter_24pt-Regular.ttf"; path = "../assets/fonts/Inter_24pt-Regular.ttf"; sourceTree = "<group>"; fileEncoding = undefined; lastKnownFileType = unknown; explicitFileType = undefined; includeInIndex = 0; };
		C5E4C1DB1B4740EA9F2872A2 /* Inter_24pt-SemiBold.ttf */ = {isa = PBXFileReference; name = "Inter_24pt-SemiBold.ttf"; path = "../assets/fonts/Inter_24pt-SemiBold.ttf"; sourceTree = "<group>"; fileEncoding = undefined; lastKnownFileType = unknown; explicitFileType = undefined; includeInIndex = 0; };
		8C1F588291684222B41851C1 /* Inter_24pt-SemiBoldItalic.ttf */ = {isa = PBXFileReference; name = "Inter_24pt-SemiBoldItalic.ttf"; path = "../assets/fonts/Inter_24pt-SemiBoldItalic.ttf"; sourceTree = "<group>"; fileEncoding = undefined; lastKnownFileType = unknown; explicitFileType = undefined; includeInIndex = 0; };
		564FDEFB2A1F46C39B5A74C8 /* Inter_24pt-Thin.ttf */ = {isa = PBXFileReference; name = "Inter_24pt-Thin.ttf"; path = "../assets/fonts/Inter_24pt-Thin.ttf"; sourceTree = "<group>"; fileEncoding = undefined; lastKnownFileType = unknown; explicitFileType = undefined; includeInIndex = 0; };
		0312458EA75447B4A8728A1B /* Inter_24pt-ThinItalic.ttf */ = {isa = PBXFileReference; name = "Inter_24pt-ThinItalic.ttf"; path = "../assets/fonts/Inter_24pt-ThinItalic.ttf"; sourceTree = "<group>"; fileEncoding = undefined; lastKnownFileType = unknown; explicitFileType = undefined; includeInIndex = 0; };
		D3C1FBB081C642059A62E757 /* Inter_28pt-Black.ttf */ = {isa = PBXFileReference; name = "Inter_28pt-Black.ttf"; path = "../assets/fonts/Inter_28pt-Black.ttf"; sourceTree = "<group>"; fileEncoding = undefined; lastKnownFileType = unknown; explicitFileType = undefined; includeInIndex = 0; };
		0D4916A3966140B7A2B89034 /* Inter_28pt-BlackItalic.ttf */ = {isa = PBXFileReference; name = "Inter_28pt-BlackItalic.ttf"; path = "../assets/fonts/Inter_28pt-BlackItalic.ttf"; sourceTree = "<group>"; fileEncoding = undefined; lastKnownFileType = unknown; explicitFileType = undefined; includeInIndex = 0; };
		8AF66507B0174A13AD218C9A /* Inter_28pt-Bold.ttf */ = {isa = PBXFileReference; name = "Inter_28pt-Bold.ttf"; path = "../assets/fonts/Inter_28pt-Bold.ttf"; sourceTree = "<group>"; fileEncoding = undefined; lastKnownFileType = unknown; explicitFileType = undefined; includeInIndex = 0; };
		0E0AAF0F02984CD1899788B9 /* Inter_28pt-BoldItalic.ttf */ = {isa = PBXFileReference; name = "Inter_28pt-BoldItalic.ttf"; path = "../assets/fonts/Inter_28pt-BoldItalic.ttf"; sourceTree = "<group>"; fileEncoding = undefined; lastKnownFileType = unknown; explicitFileType = undefined; includeInIndex = 0; };
		184582DD07154A0089E4ACE2 /* Inter_28pt-ExtraBold.ttf */ = {isa = PBXFileReference; name = "Inter_28pt-ExtraBold.ttf"; path = "../assets/fonts/Inter_28pt-ExtraBold.ttf"; sourceTree = "<group>"; fileEncoding = undefined; lastKnownFileType = unknown; explicitFileType = undefined; includeInIndex = 0; };
		E31B8A287A4E4C278E0C443F /* Inter_28pt-ExtraBoldItalic.ttf */ = {isa = PBXFileReference; name = "Inter_28pt-ExtraBoldItalic.ttf"; path = "../assets/fonts/Inter_28pt-ExtraBoldItalic.ttf"; sourceTree = "<group>"; fileEncoding = undefined; lastKnownFileType = unknown; explicitFileType = undefined; includeInIndex = 0; };
		3E61D88E060647EA8000F502 /* Inter_28pt-ExtraLight.ttf */ = {isa = PBXFileReference; name = "Inter_28pt-ExtraLight.ttf"; path = "../assets/fonts/Inter_28pt-ExtraLight.ttf"; sourceTree = "<group>"; fileEncoding = undefined; lastKnownFileType = unknown; explicitFileType = undefined; includeInIndex = 0; };
		DCFF49F9FC1D48D0B048B52F /* Inter_28pt-ExtraLightItalic.ttf */ = {isa = PBXFileReference; name = "Inter_28pt-ExtraLightItalic.ttf"; path = "../assets/fonts/Inter_28pt-ExtraLightItalic.ttf"; sourceTree = "<group>"; fileEncoding = undefined; lastKnownFileType = unknown; explicitFileType = undefined; includeInIndex = 0; };
		7C1B818DB06E434997FE3F4B /* Inter_28pt-Italic.ttf */ = {isa = PBXFileReference; name = "Inter_28pt-Italic.ttf"; path = "../assets/fonts/Inter_28pt-Italic.ttf"; sourceTree = "<group>"; fileEncoding = undefined; lastKnownFileType = unknown; explicitFileType = undefined; includeInIndex = 0; };
		70FFE315B9854DF2A895A3C0 /* Inter_28pt-Light.ttf */ = {isa = PBXFileReference; name = "Inter_28pt-Light.ttf"; path = "../assets/fonts/Inter_28pt-Light.ttf"; sourceTree = "<group>"; fileEncoding = undefined; lastKnownFileType = unknown; explicitFileType = undefined; includeInIndex = 0; };
		4B51564A27F64E97960F8499 /* Inter_28pt-LightItalic.ttf */ = {isa = PBXFileReference; name = "Inter_28pt-LightItalic.ttf"; path = "../assets/fonts/Inter_28pt-LightItalic.ttf"; sourceTree = "<group>"; fileEncoding = undefined; lastKnownFileType = unknown; explicitFileType = undefined; includeInIndex = 0; };
		B221AA1BFEB4488887771B62 /* Inter_28pt-Medium.ttf */ = {isa = PBXFileReference; name = "Inter_28pt-Medium.ttf"; path = "../assets/fonts/Inter_28pt-Medium.ttf"; sourceTree = "<group>"; fileEncoding = undefined; lastKnownFileType = unknown; explicitFileType = undefined; includeInIndex = 0; };
		68C4D55800574894A8F13718 /* Inter_28pt-MediumItalic.ttf */ = {isa = PBXFileReference; name = "Inter_28pt-MediumItalic.ttf"; path = "../assets/fonts/Inter_28pt-MediumItalic.ttf"; sourceTree = "<group>"; fileEncoding = undefined; lastKnownFileType = unknown; explicitFileType = undefined; includeInIndex = 0; };
		87DE2279AB8C47C384C2FFB0 /* Inter_28pt-Regular.ttf */ = {isa = PBXFileReference; name = "Inter_28pt-Regular.ttf"; path = "../assets/fonts/Inter_28pt-Regular.ttf"; sourceTree = "<group>"; fileEncoding = undefined; lastKnownFileType = unknown; explicitFileType = undefined; includeInIndex = 0; };
		72A24184591C478A85CAB2CF /* Inter_28pt-SemiBold.ttf */ = {isa = PBXFileReference; name = "Inter_28pt-SemiBold.ttf"; path = "../assets/fonts/Inter_28pt-SemiBold.ttf"; sourceTree = "<group>"; fileEncoding = undefined; lastKnownFileType = unknown; explicitFileType = undefined; includeInIndex = 0; };
		F0DA64F9DDDE42AC997D03D7 /* Inter_28pt-SemiBoldItalic.ttf */ = {isa = PBXFileReference; name = "Inter_28pt-SemiBoldItalic.ttf"; path = "../assets/fonts/Inter_28pt-SemiBoldItalic.ttf"; sourceTree = "<group>"; fileEncoding = undefined; lastKnownFileType = unknown; explicitFileType = undefined; includeInIndex = 0; };
		E1B858E6720244159E830CEA /* Inter_28pt-Thin.ttf */ = {isa = PBXFileReference; name = "Inter_28pt-Thin.ttf"; path = "../assets/fonts/Inter_28pt-Thin.ttf"; sourceTree = "<group>"; fileEncoding = undefined; lastKnownFileType = unknown; explicitFileType = undefined; includeInIndex = 0; };
		63996BA7B93144DBB2E1BB8B /* Inter_28pt-ThinItalic.ttf */ = {isa = PBXFileReference; name = "Inter_28pt-ThinItalic.ttf"; path = "../assets/fonts/Inter_28pt-ThinItalic.ttf"; sourceTree = "<group>"; fileEncoding = undefined; lastKnownFileType = unknown; explicitFileType = undefined; includeInIndex = 0; };
/* End PBXFileReference section */

/* Begin PBXFrameworksBuildPhase section */
		00E356EB1AD99517003FC87E /* Frameworks */ = {
			isa = PBXFrameworksBuildPhase;
			buildActionMask = 2147483647;
			files = (
				7699B88040F8A987B510C191 /* libPods-SocialMediaApp-SocialMediaAppTests.a in Frameworks */,
			);
			runOnlyForDeploymentPostprocessing = 0;
		};
		13B07F8C1A680F5B00A75B9A /* Frameworks */ = {
			isa = PBXFrameworksBuildPhase;
			buildActionMask = 2147483647;
			files = (
				0C80B921A6F3F58F76C31292 /* libPods-SocialMediaApp.a in Frameworks */,
			);
			runOnlyForDeploymentPostprocessing = 0;
		};
/* End PBXFrameworksBuildPhase section */

/* Begin PBXGroup section */
		00E356EF1AD99517003FC87E /* SocialMediaAppTests */ = {
			isa = PBXGroup;
			children = (
				00E356F21AD99517003FC87E /* SocialMediaAppTests.m */,
				00E356F01AD99517003FC87E /* Supporting Files */,
			);
			path = SocialMediaAppTests;
			sourceTree = "<group>";
		};
		00E356F01AD99517003FC87E /* Supporting Files */ = {
			isa = PBXGroup;
			children = (
				00E356F11AD99517003FC87E /* Info.plist */,
			);
			name = "Supporting Files";
			sourceTree = "<group>";
		};
		13B07FAE1A68108700A75B9A /* SocialMediaApp */ = {
			isa = PBXGroup;
			children = (
				13B07FAF1A68108700A75B9A /* AppDelegate.h */,
				13B07FB01A68108700A75B9A /* AppDelegate.mm */,
				13B07FB51A68108700A75B9A /* Images.xcassets */,
				13B07FB61A68108700A75B9A /* Info.plist */,
				81AB9BB72411601600AC10FF /* LaunchScreen.storyboard */,
				13B07FB71A68108700A75B9A /* main.m */,
				13B07FB81A68108700A75B9A /* PrivacyInfo.xcprivacy */,
			);
			name = SocialMediaApp;
			sourceTree = "<group>";
		};
		2D16E6871FA4F8E400B85C8A /* Frameworks */ = {
			isa = PBXGroup;
			children = (
				ED297162215061F000B7C4FE /* JavaScriptCore.framework */,
				5DCACB8F33CDC322A6C60F78 /* libPods-SocialMediaApp.a */,
				19F6CBCC0A4E27FBF8BF4A61 /* libPods-SocialMediaApp-SocialMediaAppTests.a */,
			);
			name = Frameworks;
			sourceTree = "<group>";
		};
		832341AE1AAA6A7D00B99B32 /* Libraries */ = {
			isa = PBXGroup;
			children = (
			);
			name = Libraries;
			sourceTree = "<group>";
		};
		83CBB9F61A601CBA00E9B192 = {
			isa = PBXGroup;
			children = (
				13B07FAE1A68108700A75B9A /* SocialMediaApp */,
				832341AE1AAA6A7D00B99B32 /* Libraries */,
				00E356EF1AD99517003FC87E /* SocialMediaAppTests */,
				83CBBA001A601CBA00E9B192 /* Products */,
				2D16E6871FA4F8E400B85C8A /* Frameworks */,
				BBD78D7AC51CEA395F1C20DB /* Pods */,
				027ED22BE3294096877204E1 /* Resources */,
			);
			indentWidth = 2;
			sourceTree = "<group>";
			tabWidth = 2;
			usesTabs = 0;
		};
		83CBBA001A601CBA00E9B192 /* Products */ = {
			isa = PBXGroup;
			children = (
				13B07F961A680F5B00A75B9A /* SocialMediaApp.app */,
				00E356EE1AD99517003FC87E /* SocialMediaAppTests.xctest */,
			);
			name = Products;
			sourceTree = "<group>";
		};
		BBD78D7AC51CEA395F1C20DB /* Pods */ = {
			isa = PBXGroup;
			children = (
				3B4392A12AC88292D35C810B /* Pods-SocialMediaApp.debug.xcconfig */,
				5709B34CF0A7D63546082F79 /* Pods-SocialMediaApp.release.xcconfig */,
				5B7EB9410499542E8C5724F5 /* Pods-SocialMediaApp-SocialMediaAppTests.debug.xcconfig */,
				89C6BE57DB24E9ADA2F236DE /* Pods-SocialMediaApp-SocialMediaAppTests.release.xcconfig */,
			);
			path = Pods;
			sourceTree = "<group>";
		};
		027ED22BE3294096877204E1 /* Resources */ = {
			isa = "PBXGroup";
			children = (
				AADDAE579D6A4380A3701B81 /* Inter_18pt-Black.ttf */,
				F5757D9DC38F4D81A84C2C44 /* Inter_18pt-BlackItalic.ttf */,
				A3C759DD0645454E897FDCA1 /* Inter_18pt-Bold.ttf */,
				FE12AE106CFF4A84994DC13F /* Inter_18pt-BoldItalic.ttf */,
				F495F6FADAB944208F979CAB /* Inter_18pt-ExtraBold.ttf */,
				B617E6FCF7934A9AB9F0E303 /* Inter_18pt-ExtraBoldItalic.ttf */,
				426BF70B480142FB9C0F9F1D /* Inter_18pt-ExtraLight.ttf */,
				0ED88288BB0440EAAFD92F40 /* Inter_18pt-ExtraLightItalic.ttf */,
				6B94901AA24B403EA0587A01 /* Inter_18pt-Italic.ttf */,
				C9C5C01A05014627A69C4710 /* Inter_18pt-Light.ttf */,
				6E49F214B0B74122A3005C51 /* Inter_18pt-LightItalic.ttf */,
				8C776206A18A40F5A6618C4C /* Inter_18pt-Medium.ttf */,
				58AFA7644E5342869FB0B202 /* Inter_18pt-MediumItalic.ttf */,
				2049BA563C334A3EB7881C41 /* Inter_18pt-Regular.ttf */,
				C1110BE23E3E4C71A05B14BA /* Inter_18pt-SemiBold.ttf */,
				95DE6065C21949F2A920E146 /* Inter_18pt-SemiBoldItalic.ttf */,
				4C7322C4E7E84A20BE6D6C76 /* Inter_18pt-Thin.ttf */,
				7E36981464DD47E2875D7FF6 /* Inter_18pt-ThinItalic.ttf */,
				4863D9C8C61B4E4792DB2A17 /* Inter_24pt-Black.ttf */,
				C8C9CB3F0098461C8A5F8CDC /* Inter_24pt-BlackItalic.ttf */,
				37333FD0F82C4AECAE57EB3F /* Inter_24pt-Bold.ttf */,
				C11DF78A4CDE42CDB74706A9 /* Inter_24pt-BoldItalic.ttf */,
				2C12C995D0B24C4CB6AC35CF /* Inter_24pt-ExtraBold.ttf */,
				45DE854904814EC1933874F3 /* Inter_24pt-ExtraBoldItalic.ttf */,
				7D9387D232B44BFAAF912B7D /* Inter_24pt-ExtraLight.ttf */,
				2C1D7A4FDDE048BCB197004E /* Inter_24pt-ExtraLightItalic.ttf */,
				97E2A87B924F436994DE7ED3 /* Inter_24pt-Italic.ttf */,
				435CB5ADA557486D84BB72E1 /* Inter_24pt-Light.ttf */,
				36F1DACD1F0D44BA8DA1A00B /* Inter_24pt-LightItalic.ttf */,
				B10697A272414C3E894ED000 /* Inter_24pt-Medium.ttf */,
				B395F64D8DE24A789147D819 /* Inter_24pt-MediumItalic.ttf */,
				BF3F5CCC5F5A4524A1B7EB2F /* Inter_24pt-Regular.ttf */,
				C5E4C1DB1B4740EA9F2872A2 /* Inter_24pt-SemiBold.ttf */,
				8C1F588291684222B41851C1 /* Inter_24pt-SemiBoldItalic.ttf */,
				564FDEFB2A1F46C39B5A74C8 /* Inter_24pt-Thin.ttf */,
				0312458EA75447B4A8728A1B /* Inter_24pt-ThinItalic.ttf */,
				D3C1FBB081C642059A62E757 /* Inter_28pt-Black.ttf */,
				0D4916A3966140B7A2B89034 /* Inter_28pt-BlackItalic.ttf */,
				8AF66507B0174A13AD218C9A /* Inter_28pt-Bold.ttf */,
				0E0AAF0F02984CD1899788B9 /* Inter_28pt-BoldItalic.ttf */,
				184582DD07154A0089E4ACE2 /* Inter_28pt-ExtraBold.ttf */,
				E31B8A287A4E4C278E0C443F /* Inter_28pt-ExtraBoldItalic.ttf */,
				3E61D88E060647EA8000F502 /* Inter_28pt-ExtraLight.ttf */,
				DCFF49F9FC1D48D0B048B52F /* Inter_28pt-ExtraLightItalic.ttf */,
				7C1B818DB06E434997FE3F4B /* Inter_28pt-Italic.ttf */,
				70FFE315B9854DF2A895A3C0 /* Inter_28pt-Light.ttf */,
				4B51564A27F64E97960F8499 /* Inter_28pt-LightItalic.ttf */,
				B221AA1BFEB4488887771B62 /* Inter_28pt-Medium.ttf */,
				68C4D55800574894A8F13718 /* Inter_28pt-MediumItalic.ttf */,
				87DE2279AB8C47C384C2FFB0 /* Inter_28pt-Regular.ttf */,
				72A24184591C478A85CAB2CF /* Inter_28pt-SemiBold.ttf */,
				F0DA64F9DDDE42AC997D03D7 /* Inter_28pt-SemiBoldItalic.ttf */,
				E1B858E6720244159E830CEA /* Inter_28pt-Thin.ttf */,
				63996BA7B93144DBB2E1BB8B /* Inter_28pt-ThinItalic.ttf */,
			);
			name = Resources;
			sourceTree = "<group>";
			path = "";
		};
/* End PBXGroup section */

/* Begin PBXNativeTarget section */
		00E356ED1AD99517003FC87E /* SocialMediaAppTests */ = {
			isa = PBXNativeTarget;
			buildConfigurationList = 00E357021AD99517003FC87E /* Build configuration list for PBXNativeTarget "SocialMediaAppTests" */;
			buildPhases = (
				A55EABD7B0C7F3A422A6CC61 /* [CP] Check Pods Manifest.lock */,
				00E356EA1AD99517003FC87E /* Sources */,
				00E356EB1AD99517003FC87E /* Frameworks */,
				00E356EC1AD99517003FC87E /* Resources */,
				C59DA0FBD6956966B86A3779 /* [CP] Embed Pods Frameworks */,
				F6A41C54EA430FDDC6A6ED99 /* [CP] Copy Pods Resources */,
			);
			buildRules = (
			);
			dependencies = (
				00E356F51AD99517003FC87E /* PBXTargetDependency */,
			);
			name = SocialMediaAppTests;
			productName = SocialMediaAppTests;
			productReference = 00E356EE1AD99517003FC87E /* SocialMediaAppTests.xctest */;
			productType = "com.apple.product-type.bundle.unit-test";
		};
		13B07F861A680F5B00A75B9A /* SocialMediaApp */ = {
			isa = PBXNativeTarget;
			buildConfigurationList = 13B07F931A680F5B00A75B9A /* Build configuration list for PBXNativeTarget "SocialMediaApp" */;
			buildPhases = (
				C38B50BA6285516D6DCD4F65 /* [CP] Check Pods Manifest.lock */,
				13B07F871A680F5B00A75B9A /* Sources */,
				13B07F8C1A680F5B00A75B9A /* Frameworks */,
				13B07F8E1A680F5B00A75B9A /* Resources */,
				00DD1BFF1BD5951E006B06BC /* Bundle React Native code and images */,
				00EEFC60759A1932668264C0 /* [CP] Embed Pods Frameworks */,
				E235C05ADACE081382539298 /* [CP] Copy Pods Resources */,
			);
			buildRules = (
			);
			dependencies = (
			);
			name = SocialMediaApp;
			productName = SocialMediaApp;
			productReference = 13B07F961A680F5B00A75B9A /* SocialMediaApp.app */;
			productType = "com.apple.product-type.application";
		};
/* End PBXNativeTarget section */

/* Begin PBXProject section */
		83CBB9F71A601CBA00E9B192 /* Project object */ = {
			isa = PBXProject;
			attributes = {
				LastUpgradeCheck = 1210;
				TargetAttributes = {
					00E356ED1AD99517003FC87E = {
						CreatedOnToolsVersion = 6.2;
						TestTargetID = 13B07F861A680F5B00A75B9A;
					};
					13B07F861A680F5B00A75B9A = {
						LastSwiftMigration = 1120;
					};
				};
			};
			buildConfigurationList = 83CBB9FA1A601CBA00E9B192 /* Build configuration list for PBXProject "SocialMediaApp" */;
			compatibilityVersion = "Xcode 12.0";
			developmentRegion = en;
			hasScannedForEncodings = 0;
			knownRegions = (
				en,
				Base,
			);
			mainGroup = 83CBB9F61A601CBA00E9B192;
			productRefGroup = 83CBBA001A601CBA00E9B192 /* Products */;
			projectDirPath = "";
			projectRoot = "";
			targets = (
				13B07F861A680F5B00A75B9A /* SocialMediaApp */,
				00E356ED1AD99517003FC87E /* SocialMediaAppTests */,
			);
		};
/* End PBXProject section */

/* Begin PBXResourcesBuildPhase section */
		00E356EC1AD99517003FC87E /* Resources */ = {
			isa = PBXResourcesBuildPhase;
			buildActionMask = 2147483647;
			files = (
			);
			runOnlyForDeploymentPostprocessing = 0;
		};
		13B07F8E1A680F5B00A75B9A /* Resources */ = {
			isa = PBXResourcesBuildPhase;
			buildActionMask = 2147483647;
			files = (
				81AB9BB82411601600AC10FF /* LaunchScreen.storyboard in Resources */,
				13B07FBF1A68108700A75B9A /* Images.xcassets in Resources */,
				35B227EBB6E0459DB8C9F7D2 /* Inter_18pt-Black.ttf in Resources */,
				55553D4A26434688A21FFA46 /* Inter_18pt-BlackItalic.ttf in Resources */,
				601438DFA3804C5F8F7246EA /* Inter_18pt-Bold.ttf in Resources */,
				7D9931A2CFD44672A4700C04 /* Inter_18pt-BoldItalic.ttf in Resources */,
				80F81D655ADF4D33A25B7825 /* Inter_18pt-ExtraBold.ttf in Resources */,
				B5FA3C92EF074CDB80C3C13A /* Inter_18pt-ExtraBoldItalic.ttf in Resources */,
				CD65CCB8D05345D9A7079C12 /* Inter_18pt-ExtraLight.ttf in Resources */,
				ADD7A1DA41BE43D99F54E7A0 /* Inter_18pt-ExtraLightItalic.ttf in Resources */,
				49663E0190284151BFE059C7 /* Inter_18pt-Italic.ttf in Resources */,
				CCCA4485EEEA4FCDA9F52E79 /* Inter_18pt-Light.ttf in Resources */,
				9AF5BB6466C24D848DB93EE7 /* Inter_18pt-LightItalic.ttf in Resources */,
				641DBE36707C4FAE96D502DD /* Inter_18pt-Medium.ttf in Resources */,
				DC36F9EC40C14DBBAEB1AE41 /* Inter_18pt-MediumItalic.ttf in Resources */,
				7EC78FFCBC214AA8B72463C2 /* Inter_18pt-Regular.ttf in Resources */,
				E581FB888BDE445D9E01B839 /* Inter_18pt-SemiBold.ttf in Resources */,
				96F2A59635264805BB1570BE /* Inter_18pt-SemiBoldItalic.ttf in Resources */,
				1C2E5D29D7DA4202A3DA0BBF /* Inter_18pt-Thin.ttf in Resources */,
				7169170C65B043899D2DBA9F /* Inter_18pt-ThinItalic.ttf in Resources */,
				20EE7E62BB2E4B60891C20C2 /* Inter_24pt-Black.ttf in Resources */,
				1C28EF4187E14B21AC60FFB2 /* Inter_24pt-BlackItalic.ttf in Resources */,
				176A33F13F4A4098B5C1E7BA /* Inter_24pt-Bold.ttf in Resources */,
				B66843E022B94674A5B7FA3E /* Inter_24pt-BoldItalic.ttf in Resources */,
				77116EB0A6884E9F882B8820 /* Inter_24pt-ExtraBold.ttf in Resources */,
				29079D46229E482598BB2AA4 /* Inter_24pt-ExtraBoldItalic.ttf in Resources */,
				9058933A51F44C9BA237C16B /* Inter_24pt-ExtraLight.ttf in Resources */,
				A5963B89ACDA42398BFFCD1D /* Inter_24pt-ExtraLightItalic.ttf in Resources */,
				F3CEC288BEE849DE991A6A90 /* Inter_24pt-Italic.ttf in Resources */,
				AB7C93431AA74C119B0FDE0B /* Inter_24pt-Light.ttf in Resources */,
				87812B82B7DA458ABA6B7F0E /* Inter_24pt-LightItalic.ttf in Resources */,
				C0272C5AA46549418A4447B5 /* Inter_24pt-Medium.ttf in Resources */,
				C5FA1716C768404BB62DED78 /* Inter_24pt-MediumItalic.ttf in Resources */,
				2D92B979CE084EA69153B65B /* Inter_24pt-Regular.ttf in Resources */,
				3E137A0B2B7E4838B8A38E80 /* Inter_24pt-SemiBold.ttf in Resources */,
				1263E56A2D824FB19B7CD140 /* Inter_24pt-SemiBoldItalic.ttf in Resources */,
				A09CF9344EE8417286C2AE74 /* Inter_24pt-Thin.ttf in Resources */,
				AD00722C128D4106AB76409B /* Inter_24pt-ThinItalic.ttf in Resources */,
				2AAB40F9B036415E96144160 /* Inter_28pt-Black.ttf in Resources */,
				C4E537BFEA2C4CBF8F1924B5 /* Inter_28pt-BlackItalic.ttf in Resources */,
				C62E9B966BC7420C97C09715 /* Inter_28pt-Bold.ttf in Resources */,
				3575E5D5B45D427994A0886C /* Inter_28pt-BoldItalic.ttf in Resources */,
				FACA8324F4CD445F899BFA41 /* Inter_28pt-ExtraBold.ttf in Resources */,
				BA61B6F520264FE6BFFF19C0 /* Inter_28pt-ExtraBoldItalic.ttf in Resources */,
				A8278FEAD07347B9885CD29B /* Inter_28pt-ExtraLight.ttf in Resources */,
				35F6E02EC5D243E6A0763DEC /* Inter_28pt-ExtraLightItalic.ttf in Resources */,
				142C33DC77854C53AB234746 /* Inter_28pt-Italic.ttf in Resources */,
				96CB5D40AFA046ADA9E9CBA7 /* Inter_28pt-Light.ttf in Resources */,
				B5B1FC9A08F447D39C6645E0 /* Inter_28pt-LightItalic.ttf in Resources */,
				EB0DC3882992450192C090FA /* Inter_28pt-Medium.ttf in Resources */,
				8404ABC4676B4BCCB8D43185 /* Inter_28pt-MediumItalic.ttf in Resources */,
				46662C2CCA174AA2A9320510 /* Inter_28pt-Regular.ttf in Resources */,
				85A25F03EEAF4F89A91A2B91 /* Inter_28pt-SemiBold.ttf in Resources */,
				1848A36831B44BDA9E0C2A23 /* Inter_28pt-SemiBoldItalic.ttf in Resources */,
				E54D7DB5C964478089A0AA20 /* Inter_28pt-Thin.ttf in Resources */,
				9E2F268C68B84787A0660BF6 /* Inter_28pt-ThinItalic.ttf in Resources */,
			);
			runOnlyForDeploymentPostprocessing = 0;
		};
/* End PBXResourcesBuildPhase section */

/* Begin PBXShellScriptBuildPhase section */
		00DD1BFF1BD5951E006B06BC /* Bundle React Native code and images */ = {
			isa = PBXShellScriptBuildPhase;
			buildActionMask = 2147483647;
			files = (
			);
			inputPaths = (
				"$(SRCROOT)/.xcode.env.local",
				"$(SRCROOT)/.xcode.env",
			);
			name = "Bundle React Native code and images";
			outputPaths = (
			);
			runOnlyForDeploymentPostprocessing = 0;
			shellPath = /bin/sh;
			shellScript = "set -e\n\nWITH_ENVIRONMENT=\"$REACT_NATIVE_PATH/scripts/xcode/with-environment.sh\"\nREACT_NATIVE_XCODE=\"$REACT_NATIVE_PATH/scripts/react-native-xcode.sh\"\n\n/bin/sh -c \"$WITH_ENVIRONMENT $REACT_NATIVE_XCODE\"\n";
		};
		00EEFC60759A1932668264C0 /* [CP] Embed Pods Frameworks */ = {
			isa = PBXShellScriptBuildPhase;
			buildActionMask = 2147483647;
			files = (
			);
			inputFileListPaths = (
				"${PODS_ROOT}/Target Support Files/Pods-SocialMediaApp/Pods-SocialMediaApp-frameworks-${CONFIGURATION}-input-files.xcfilelist",
			);
			name = "[CP] Embed Pods Frameworks";
			outputFileListPaths = (
				"${PODS_ROOT}/Target Support Files/Pods-SocialMediaApp/Pods-SocialMediaApp-frameworks-${CONFIGURATION}-output-files.xcfilelist",
			);
			runOnlyForDeploymentPostprocessing = 0;
			shellPath = /bin/sh;
			shellScript = "\"${PODS_ROOT}/Target Support Files/Pods-SocialMediaApp/Pods-SocialMediaApp-frameworks.sh\"\n";
			showEnvVarsInLog = 0;
		};
		A55EABD7B0C7F3A422A6CC61 /* [CP] Check Pods Manifest.lock */ = {
			isa = PBXShellScriptBuildPhase;
			buildActionMask = 2147483647;
			files = (
			);
			inputFileListPaths = (
			);
			inputPaths = (
				"${PODS_PODFILE_DIR_PATH}/Podfile.lock",
				"${PODS_ROOT}/Manifest.lock",
			);
			name = "[CP] Check Pods Manifest.lock";
			outputFileListPaths = (
			);
			outputPaths = (
				"$(DERIVED_FILE_DIR)/Pods-SocialMediaApp-SocialMediaAppTests-checkManifestLockResult.txt",
			);
			runOnlyForDeploymentPostprocessing = 0;
			shellPath = /bin/sh;
			shellScript = "diff \"${PODS_PODFILE_DIR_PATH}/Podfile.lock\" \"${PODS_ROOT}/Manifest.lock\" > /dev/null\nif [ $? != 0 ] ; then\n    # print error to STDERR\n    echo \"error: The sandbox is not in sync with the Podfile.lock. Run 'pod install' or update your CocoaPods installation.\" >&2\n    exit 1\nfi\n# This output is used by Xcode 'outputs' to avoid re-running this script phase.\necho \"SUCCESS\" > \"${SCRIPT_OUTPUT_FILE_0}\"\n";
			showEnvVarsInLog = 0;
		};
		C38B50BA6285516D6DCD4F65 /* [CP] Check Pods Manifest.lock */ = {
			isa = PBXShellScriptBuildPhase;
			buildActionMask = 2147483647;
			files = (
			);
			inputFileListPaths = (
			);
			inputPaths = (
				"${PODS_PODFILE_DIR_PATH}/Podfile.lock",
				"${PODS_ROOT}/Manifest.lock",
			);
			name = "[CP] Check Pods Manifest.lock";
			outputFileListPaths = (
			);
			outputPaths = (
				"$(DERIVED_FILE_DIR)/Pods-SocialMediaApp-checkManifestLockResult.txt",
			);
			runOnlyForDeploymentPostprocessing = 0;
			shellPath = /bin/sh;
			shellScript = "diff \"${PODS_PODFILE_DIR_PATH}/Podfile.lock\" \"${PODS_ROOT}/Manifest.lock\" > /dev/null\nif [ $? != 0 ] ; then\n    # print error to STDERR\n    echo \"error: The sandbox is not in sync with the Podfile.lock. Run 'pod install' or update your CocoaPods installation.\" >&2\n    exit 1\nfi\n# This output is used by Xcode 'outputs' to avoid re-running this script phase.\necho \"SUCCESS\" > \"${SCRIPT_OUTPUT_FILE_0}\"\n";
			showEnvVarsInLog = 0;
		};
		C59DA0FBD6956966B86A3779 /* [CP] Embed Pods Frameworks */ = {
			isa = PBXShellScriptBuildPhase;
			buildActionMask = 2147483647;
			files = (
			);
			inputFileListPaths = (
				"${PODS_ROOT}/Target Support Files/Pods-SocialMediaApp-SocialMediaAppTests/Pods-SocialMediaApp-SocialMediaAppTests-frameworks-${CONFIGURATION}-input-files.xcfilelist",
			);
			name = "[CP] Embed Pods Frameworks";
			outputFileListPaths = (
				"${PODS_ROOT}/Target Support Files/Pods-SocialMediaApp-SocialMediaAppTests/Pods-SocialMediaApp-SocialMediaAppTests-frameworks-${CONFIGURATION}-output-files.xcfilelist",
			);
			runOnlyForDeploymentPostprocessing = 0;
			shellPath = /bin/sh;
			shellScript = "\"${PODS_ROOT}/Target Support Files/Pods-SocialMediaApp-SocialMediaAppTests/Pods-SocialMediaApp-SocialMediaAppTests-frameworks.sh\"\n";
			showEnvVarsInLog = 0;
		};
		E235C05ADACE081382539298 /* [CP] Copy Pods Resources */ = {
			isa = PBXShellScriptBuildPhase;
			buildActionMask = 2147483647;
			files = (
			);
			inputFileListPaths = (
				"${PODS_ROOT}/Target Support Files/Pods-SocialMediaApp/Pods-SocialMediaApp-resources-${CONFIGURATION}-input-files.xcfilelist",
			);
			name = "[CP] Copy Pods Resources";
			outputFileListPaths = (
				"${PODS_ROOT}/Target Support Files/Pods-SocialMediaApp/Pods-SocialMediaApp-resources-${CONFIGURATION}-output-files.xcfilelist",
			);
			runOnlyForDeploymentPostprocessing = 0;
			shellPath = /bin/sh;
			shellScript = "\"${PODS_ROOT}/Target Support Files/Pods-SocialMediaApp/Pods-SocialMediaApp-resources.sh\"\n";
			showEnvVarsInLog = 0;
		};
		F6A41C54EA430FDDC6A6ED99 /* [CP] Copy Pods Resources */ = {
			isa = PBXShellScriptBuildPhase;
			buildActionMask = 2147483647;
			files = (
			);
			inputFileListPaths = (
				"${PODS_ROOT}/Target Support Files/Pods-SocialMediaApp-SocialMediaAppTests/Pods-SocialMediaApp-SocialMediaAppTests-resources-${CONFIGURATION}-input-files.xcfilelist",
			);
			name = "[CP] Copy Pods Resources";
			outputFileListPaths = (
				"${PODS_ROOT}/Target Support Files/Pods-SocialMediaApp-SocialMediaAppTests/Pods-SocialMediaApp-SocialMediaAppTests-resources-${CONFIGURATION}-output-files.xcfilelist",
			);
			runOnlyForDeploymentPostprocessing = 0;
			shellPath = /bin/sh;
			shellScript = "\"${PODS_ROOT}/Target Support Files/Pods-SocialMediaApp-SocialMediaAppTests/Pods-SocialMediaApp-SocialMediaAppTests-resources.sh\"\n";
			showEnvVarsInLog = 0;
		};
/* End PBXShellScriptBuildPhase section */

/* Begin PBXSourcesBuildPhase section */
		00E356EA1AD99517003FC87E /* Sources */ = {
			isa = PBXSourcesBuildPhase;
			buildActionMask = 2147483647;
			files = (
				00E356F31AD99517003FC87E /* SocialMediaAppTests.m in Sources */,
			);
			runOnlyForDeploymentPostprocessing = 0;
		};
		13B07F871A680F5B00A75B9A /* Sources */ = {
			isa = PBXSourcesBuildPhase;
			buildActionMask = 2147483647;
			files = (
				13B07FBC1A68108700A75B9A /* AppDelegate.mm in Sources */,
				13B07FC11A68108700A75B9A /* main.m in Sources */,
			);
			runOnlyForDeploymentPostprocessing = 0;
		};
/* End PBXSourcesBuildPhase section */

/* Begin PBXTargetDependency section */
		00E356F51AD99517003FC87E /* PBXTargetDependency */ = {
			isa = PBXTargetDependency;
			target = 13B07F861A680F5B00A75B9A /* SocialMediaApp */;
			targetProxy = 00E356F41AD99517003FC87E /* PBXContainerItemProxy */;
		};
/* End PBXTargetDependency section */

/* Begin XCBuildConfiguration section */
		00E356F61AD99517003FC87E /* Debug */ = {
			isa = XCBuildConfiguration;
			baseConfigurationReference = 5B7EB9410499542E8C5724F5 /* Pods-SocialMediaApp-SocialMediaAppTests.debug.xcconfig */;
			buildSettings = {
				BUNDLE_LOADER = "$(TEST_HOST)";
				GCC_PREPROCESSOR_DEFINITIONS = (
					"DEBUG=1",
					"$(inherited)",
				);
				INFOPLIST_FILE = SocialMediaAppTests/Info.plist;
				IPHONEOS_DEPLOYMENT_TARGET = 13.4;
				LD_RUNPATH_SEARCH_PATHS = (
					"$(inherited)",
					"@executable_path/Frameworks",
					"@loader_path/Frameworks",
				);
				OTHER_LDFLAGS = (
					"-ObjC",
					"-lc++",
					"$(inherited)",
				);
				PRODUCT_BUNDLE_IDENTIFIER = "org.reactjs.native.example.$(PRODUCT_NAME:rfc1034identifier)";
				PRODUCT_NAME = "$(TARGET_NAME)";
				TEST_HOST = "$(BUILT_PRODUCTS_DIR)/SocialMediaApp.app/SocialMediaApp";
			};
			name = Debug;
		};
		00E356F71AD99517003FC87E /* Release */ = {
			isa = XCBuildConfiguration;
			baseConfigurationReference = 89C6BE57DB24E9ADA2F236DE /* Pods-SocialMediaApp-SocialMediaAppTests.release.xcconfig */;
			buildSettings = {
				BUNDLE_LOADER = "$(TEST_HOST)";
				COPY_PHASE_STRIP = NO;
				INFOPLIST_FILE = SocialMediaAppTests/Info.plist;
				IPHONEOS_DEPLOYMENT_TARGET = 13.4;
				LD_RUNPATH_SEARCH_PATHS = (
					"$(inherited)",
					"@executable_path/Frameworks",
					"@loader_path/Frameworks",
				);
				OTHER_LDFLAGS = (
					"-ObjC",
					"-lc++",
					"$(inherited)",
				);
				PRODUCT_BUNDLE_IDENTIFIER = "org.reactjs.native.example.$(PRODUCT_NAME:rfc1034identifier)";
				PRODUCT_NAME = "$(TARGET_NAME)";
				TEST_HOST = "$(BUILT_PRODUCTS_DIR)/SocialMediaApp.app/SocialMediaApp";
			};
			name = Release;
		};
		13B07F941A680F5B00A75B9A /* Debug */ = {
			isa = XCBuildConfiguration;
			baseConfigurationReference = 3B4392A12AC88292D35C810B /* Pods-SocialMediaApp.debug.xcconfig */;
			buildSettings = {
				ASSETCATALOG_COMPILER_APPICON_NAME = AppIcon;
				CLANG_ENABLE_MODULES = YES;
				CURRENT_PROJECT_VERSION = 1;
				ENABLE_BITCODE = NO;
				INFOPLIST_FILE = SocialMediaApp/Info.plist;
				LD_RUNPATH_SEARCH_PATHS = (
					"$(inherited)",
					"@executable_path/Frameworks",
				);
				MARKETING_VERSION = 1.0;
				OTHER_LDFLAGS = (
					"$(inherited)",
					"-ObjC",
					"-lc++",
				);
				PRODUCT_BUNDLE_IDENTIFIER = "org.reactjs.native.example.$(PRODUCT_NAME:rfc1034identifier)";
				PRODUCT_NAME = SocialMediaApp;
				SWIFT_OPTIMIZATION_LEVEL = "-Onone";
				SWIFT_VERSION = 5.0;
				VERSIONING_SYSTEM = "apple-generic";
			};
			name = Debug;
		};
		13B07F951A680F5B00A75B9A /* Release */ = {
			isa = XCBuildConfiguration;
			baseConfigurationReference = 5709B34CF0A7D63546082F79 /* Pods-SocialMediaApp.release.xcconfig */;
			buildSettings = {
				ASSETCATALOG_COMPILER_APPICON_NAME = AppIcon;
				CLANG_ENABLE_MODULES = YES;
				CURRENT_PROJECT_VERSION = 1;
				INFOPLIST_FILE = SocialMediaApp/Info.plist;
				LD_RUNPATH_SEARCH_PATHS = (
					"$(inherited)",
					"@executable_path/Frameworks",
				);
				MARKETING_VERSION = 1.0;
				OTHER_LDFLAGS = (
					"$(inherited)",
					"-ObjC",
					"-lc++",
				);
				PRODUCT_BUNDLE_IDENTIFIER = "org.reactjs.native.example.$(PRODUCT_NAME:rfc1034identifier)";
				PRODUCT_NAME = SocialMediaApp;
				SWIFT_VERSION = 5.0;
				VERSIONING_SYSTEM = "apple-generic";
			};
			name = Release;
		};
		83CBBA201A601CBA00E9B192 /* Debug */ = {
			isa = XCBuildConfiguration;
			buildSettings = {
				ALWAYS_SEARCH_USER_PATHS = NO;
				CLANG_ANALYZER_LOCALIZABILITY_NONLOCALIZED = YES;
				CLANG_CXX_LANGUAGE_STANDARD = "c++20";
				CLANG_CXX_LIBRARY = "libc++";
				CLANG_ENABLE_MODULES = YES;
				CLANG_ENABLE_OBJC_ARC = YES;
				CLANG_WARN_BLOCK_CAPTURE_AUTORELEASING = YES;
				CLANG_WARN_BOOL_CONVERSION = YES;
				CLANG_WARN_COMMA = YES;
				CLANG_WARN_CONSTANT_CONVERSION = YES;
				CLANG_WARN_DEPRECATED_OBJC_IMPLEMENTATIONS = YES;
				CLANG_WARN_DIRECT_OBJC_ISA_USAGE = YES_ERROR;
				CLANG_WARN_EMPTY_BODY = YES;
				CLANG_WARN_ENUM_CONVERSION = YES;
				CLANG_WARN_INFINITE_RECURSION = YES;
				CLANG_WARN_INT_CONVERSION = YES;
				CLANG_WARN_NON_LITERAL_NULL_CONVERSION = YES;
				CLANG_WARN_OBJC_IMPLICIT_RETAIN_SELF = YES;
				CLANG_WARN_OBJC_LITERAL_CONVERSION = YES;
				CLANG_WARN_OBJC_ROOT_CLASS = YES_ERROR;
				CLANG_WARN_QUOTED_INCLUDE_IN_FRAMEWORK_HEADER = YES;
				CLANG_WARN_RANGE_LOOP_ANALYSIS = YES;
				CLANG_WARN_STRICT_PROTOTYPES = YES;
				CLANG_WARN_SUSPICIOUS_MOVE = YES;
				CLANG_WARN_UNREACHABLE_CODE = YES;
				CLANG_WARN__DUPLICATE_METHOD_MATCH = YES;
				"CODE_SIGN_IDENTITY[sdk=iphoneos*]" = "iPhone Developer";
				COPY_PHASE_STRIP = NO;
				ENABLE_STRICT_OBJC_MSGSEND = YES;
				ENABLE_TESTABILITY = YES;
				"EXCLUDED_ARCHS[sdk=iphonesimulator*]" = "";
				GCC_C_LANGUAGE_STANDARD = gnu99;
				GCC_DYNAMIC_NO_PIC = NO;
				GCC_NO_COMMON_BLOCKS = YES;
				GCC_OPTIMIZATION_LEVEL = 0;
				GCC_PREPROCESSOR_DEFINITIONS = (
					"DEBUG=1",
					"$(inherited)",
				);
				GCC_SYMBOLS_PRIVATE_EXTERN = NO;
				GCC_WARN_64_TO_32_BIT_CONVERSION = YES;
				GCC_WARN_ABOUT_RETURN_TYPE = YES_ERROR;
				GCC_WARN_UNDECLARED_SELECTOR = YES;
				GCC_WARN_UNINITIALIZED_AUTOS = YES_AGGRESSIVE;
				GCC_WARN_UNUSED_FUNCTION = YES;
				GCC_WARN_UNUSED_VARIABLE = YES;
				IPHONEOS_DEPLOYMENT_TARGET = 13.4;
				LD_RUNPATH_SEARCH_PATHS = (
					/usr/lib/swift,
					"$(inherited)",
				);
				LIBRARY_SEARCH_PATHS = (
					"\"$(SDKROOT)/usr/lib/swift\"",
					"\"$(TOOLCHAIN_DIR)/usr/lib/swift/$(PLATFORM_NAME)\"",
					"\"$(inherited)\"",
				);
				MTL_ENABLE_DEBUG_INFO = YES;
				ONLY_ACTIVE_ARCH = YES;
				OTHER_CPLUSPLUSFLAGS = (
					"$(OTHER_CFLAGS)",
					"-DFOLLY_NO_CONFIG",
					"-DFOLLY_MOBILE=1",
					"-DFOLLY_USE_LIBCPP=1",
					"-DFOLLY_CFG_NO_COROUTINES=1",
					"-DFOLLY_HAVE_CLOCK_GETTIME=1",
				);
				SDKROOT = iphoneos;
			};
			name = Debug;
		};
		83CBBA211A601CBA00E9B192 /* Release */ = {
			isa = XCBuildConfiguration;
			buildSettings = {
				ALWAYS_SEARCH_USER_PATHS = NO;
				CLANG_ANALYZER_LOCALIZABILITY_NONLOCALIZED = YES;
				CLANG_CXX_LANGUAGE_STANDARD = "c++20";
				CLANG_CXX_LIBRARY = "libc++";
				CLANG_ENABLE_MODULES = YES;
				CLANG_ENABLE_OBJC_ARC = YES;
				CLANG_WARN_BLOCK_CAPTURE_AUTORELEASING = YES;
				CLANG_WARN_BOOL_CONVERSION = YES;
				CLANG_WARN_COMMA = YES;
				CLANG_WARN_CONSTANT_CONVERSION = YES;
				CLANG_WARN_DEPRECATED_OBJC_IMPLEMENTATIONS = YES;
				CLANG_WARN_DIRECT_OBJC_ISA_USAGE = YES_ERROR;
				CLANG_WARN_EMPTY_BODY = YES;
				CLANG_WARN_ENUM_CONVERSION = YES;
				CLANG_WARN_INFINITE_RECURSION = YES;
				CLANG_WARN_INT_CONVERSION = YES;
				CLANG_WARN_NON_LITERAL_NULL_CONVERSION = YES;
				CLANG_WARN_OBJC_IMPLICIT_RETAIN_SELF = YES;
				CLANG_WARN_OBJC_LITERAL_CONVERSION = YES;
				CLANG_WARN_OBJC_ROOT_CLASS = YES_ERROR;
				CLANG_WARN_QUOTED_INCLUDE_IN_FRAMEWORK_HEADER = YES;
				CLANG_WARN_RANGE_LOOP_ANALYSIS = YES;
				CLANG_WARN_STRICT_PROTOTYPES = YES;
				CLANG_WARN_SUSPICIOUS_MOVE = YES;
				CLANG_WARN_UNREACHABLE_CODE = YES;
				CLANG_WARN__DUPLICATE_METHOD_MATCH = YES;
				"CODE_SIGN_IDENTITY[sdk=iphoneos*]" = "iPhone Developer";
				COPY_PHASE_STRIP = YES;
				ENABLE_NS_ASSERTIONS = NO;
				ENABLE_STRICT_OBJC_MSGSEND = YES;
				"EXCLUDED_ARCHS[sdk=iphonesimulator*]" = "";
				GCC_C_LANGUAGE_STANDARD = gnu99;
				GCC_NO_COMMON_BLOCKS = YES;
				GCC_WARN_64_TO_32_BIT_CONVERSION = YES;
				GCC_WARN_ABOUT_RETURN_TYPE = YES_ERROR;
				GCC_WARN_UNDECLARED_SELECTOR = YES;
				GCC_WARN_UNINITIALIZED_AUTOS = YES_AGGRESSIVE;
				GCC_WARN_UNUSED_FUNCTION = YES;
				GCC_WARN_UNUSED_VARIABLE = YES;
				IPHONEOS_DEPLOYMENT_TARGET = 13.4;
				LD_RUNPATH_SEARCH_PATHS = (
					/usr/lib/swift,
					"$(inherited)",
				);
				LIBRARY_SEARCH_PATHS = (
					"\"$(SDKROOT)/usr/lib/swift\"",
					"\"$(TOOLCHAIN_DIR)/usr/lib/swift/$(PLATFORM_NAME)\"",
					"\"$(inherited)\"",
				);
				MTL_ENABLE_DEBUG_INFO = NO;
				OTHER_CPLUSPLUSFLAGS = (
					"$(OTHER_CFLAGS)",
					"-DFOLLY_NO_CONFIG",
					"-DFOLLY_MOBILE=1",
					"-DFOLLY_USE_LIBCPP=1",
					"-DFOLLY_CFG_NO_COROUTINES=1",
					"-DFOLLY_HAVE_CLOCK_GETTIME=1",
				);
				SDKROOT = iphoneos;
				VALIDATE_PRODUCT = YES;
			};
			name = Release;
		};
/* End XCBuildConfiguration section */

/* Begin XCConfigurationList section */
		00E357021AD99517003FC87E /* Build configuration list for PBXNativeTarget "SocialMediaAppTests" */ = {
			isa = XCConfigurationList;
			buildConfigurations = (
				00E356F61AD99517003FC87E /* Debug */,
				00E356F71AD99517003FC87E /* Release */,
			);
			defaultConfigurationIsVisible = 0;
			defaultConfigurationName = Release;
		};
		13B07F931A680F5B00A75B9A /* Build configuration list for PBXNativeTarget "SocialMediaApp" */ = {
			isa = XCConfigurationList;
			buildConfigurations = (
				13B07F941A680F5B00A75B9A /* Debug */,
				13B07F951A680F5B00A75B9A /* Release */,
			);
			defaultConfigurationIsVisible = 0;
			defaultConfigurationName = Release;
		};
		83CBB9FA1A601CBA00E9B192 /* Build configuration list for PBXProject "SocialMediaApp" */ = {
			isa = XCConfigurationList;
			buildConfigurations = (
				83CBBA201A601CBA00E9B192 /* Debug */,
				83CBBA211A601CBA00E9B192 /* Release */,
			);
			defaultConfigurationIsVisible = 0;
			defaultConfigurationName = Release;
		};
/* End XCConfigurationList section */
	};
	rootObject = 83CBB9F71A601CBA00E9B192 /* Project object */;
}
